
Microsoft Visual Studio Solution File, Format Version 12.00
# Visual Studio Version 17
VisualStudioVersion = 17.9.34723.18
MinimumVisualStudioVersion = 10.0.40219.1
Project("{8BC9CEB8-8B4A-11D0-8D11-00A0C91BC942}") = "QtWidgetsApplication1", "QtWidgetsApplication1\QtWidgetsApplication1.vcxproj", "{7FEC5E1F-3951-45B4-8470-9C178744445A}"
EndProject
Global
	GlobalSection(SolutionConfigurationPlatforms) = preSolution
		Debug|x64 = Debug|x64
		Release|x64 = Release|x64
	EndGlobalSection
	GlobalSection(ProjectConfigurationPlatforms) = postSolution
		{7FEC5E1F-3951-45B4-8470-9C178744445A}.Debug|x64.ActiveCfg = Debug|x64
		{7FEC5E1F-3951-45B4-8470-9C178744445A}.Debug|x64.Build.0 = Debug|x64
		{7FEC5E1F-3951-45B4-8470-9C178744445A}.Release|x64.ActiveCfg = Release|x64
		{7FEC5E1F-3951-45B4-8470-9C178744445A}.Release|x64.Build.0 = Release|x64
	EndGlobalSection
	GlobalSection(SolutionProperties) = preSolution
		HideSolutionNode = FALSE
	EndGlobalSection
	GlobalSection(ExtensibilityGlobals) = postSolution
		SolutionGuid = {B902A1F4-F091-4156-9A09-AE7ADDDA8252}
	EndGlobalSection
EndGlobal
